<?xml version="1.0" encoding="utf-8"?>
<Project ToolsVersion="4.0" xmlns="http://schemas.microsoft.com/developer/msbuild/2003">
  <ItemGroup>
    <Filter Include="Resource Files">
      <UniqueIdentifier>{67DA6AB6-F800-4c08-8B7A-83BB121AAD01}</UniqueIdentifier>
      <Extensions>rc;ico;cur;bmp;dlg;rc2;rct;bin;rgs;gif;jpg;jpeg;jpe;resx;tiff;tif;png;wav;mfcribbon-ms</Extensions>
    </Filter>
    <Filter Include="Game Files">
      <UniqueIdentifier>{4FC737F1-C7A5-4376-A066-2A32D752A2FF}</UniqueIdentifier>
      <Extensions>cpp;c;cc;cxx;c++;cppm;ixx;def;odl;idl;hpj;bat;asm;asmx</Extensions>
    </Filter>
    <Filter Include="Framework Files">
      <UniqueIdentifier>{93995380-89BD-4b04-88EB-625FBE52EBFB}</UniqueIdentifier>
      <Extensions>h;hh;hpp;hxx;h++;hm;inl;inc;ipp;xsd</Extensions>
    </Filter>
    <Filter Include="Game Files\Level">
      <UniqueIdentifier>{010e1ae5-9b6e-4a7d-b73b-0b120193ed7e}</UniqueIdentifier>
    </Filter>
    <Filter Include="Game Files\Level\Hazards">
      <UniqueIdentifier>{99f57c44-d709-49cf-a191-1ebd98c6931e}</UniqueIdentifier>
    </Filter>
    <Filter Include="Game Files\Game">
      <UniqueIdentifier>{e6b35a8c-8d6c-4d7e-9085-31b873aaf3ea}</UniqueIdentifier>
    </Filter>
    <Filter Include="Game Files\Charachters">
      <UniqueIdentifier>{3a4a5416-dfbe-42df-bf2e-880e3435b55a}</UniqueIdentifier>
    </Filter>
    <Filter Include="Game Files\Charachters\Player">
      <UniqueIdentifier>{f300367e-c50c-4d10-8a4d-22deb4c93ee0}</UniqueIdentifier>
    </Filter>
    <Filter Include="Game Files\Charachters\Player\Weapon">
      <UniqueIdentifier>{6c576d47-b7f0-43f5-a92e-2cf179a24a50}</UniqueIdentifier>
    </Filter>
    <Filter Include="Game Files\Charachters\Common">
      <UniqueIdentifier>{352149e5-ac76-4376-a361-a2949c963cbd}</UniqueIdentifier>
    </Filter>
    <Filter Include="Game Files\Charachters\Enemies">
      <UniqueIdentifier>{335e2d4d-ec59-4dac-84e8-0773b20d496f}</UniqueIdentifier>
    </Filter>
    <Filter Include="Game Files\Level\Hazards\DamageBlock">
      <UniqueIdentifier>{46fb5431-3a78-4870-a5cf-5d66e19e98dd}</UniqueIdentifier>
    </Filter>
    <Filter Include="Game Files\Level\Hazards\Lava">
      <UniqueIdentifier>{bb7679f1-158d-455f-827b-81bf51a42175}</UniqueIdentifier>
    </Filter>
    <Filter Include="Game Files\Level\Hazards\RisingHand">
      <UniqueIdentifier>{8e8dc5fd-2057-4ddd-99a2-c77a85d61d44}</UniqueIdentifier>
    </Filter>
    <Filter Include="Game Files\Level\Hazards\FallingSpike">
      <UniqueIdentifier>{e66dc6d4-5314-4735-bf81-12824386f43b}</UniqueIdentifier>
    </Filter>
  </ItemGroup>
  <ItemGroup>
    <ClCompile Include="Core.cpp">
      <Filter>Framework Files</Filter>
    </ClCompile>
    <ClCompile Include="Matrix2x3.cpp">
      <Filter>Framework Files</Filter>
    </ClCompile>
    <ClCompile Include="pch.cpp">
      <Filter>Framework Files</Filter>
    </ClCompile>
    <ClCompile Include="SoundEffect.cpp">
      <Filter>Framework Files</Filter>
    </ClCompile>
    <ClCompile Include="SoundStream.cpp">
      <Filter>Framework Files</Filter>
    </ClCompile>
    <ClCompile Include="structs.cpp">
      <Filter>Framework Files</Filter>
    </ClCompile>
    <ClCompile Include="SVGParser.cpp">
      <Filter>Framework Files</Filter>
    </ClCompile>
    <ClCompile Include="Texture.cpp">
      <Filter>Framework Files</Filter>
    </ClCompile>
    <ClCompile Include="utils.cpp">
      <Filter>Framework Files</Filter>
    </ClCompile>
    <ClCompile Include="Vector2f.cpp">
      <Filter>Framework Files</Filter>
    </ClCompile>
    <ClCompile Include="Time.cpp">
      <Filter>Framework Files</Filter>
    </ClCompile>
    <ClCompile Include="Level.cpp">
      <Filter>Game Files\Level</Filter>
    </ClCompile>
    <ClCompile Include="CollectibleManager.cpp">
      <Filter>Game Files\Level</Filter>
    </ClCompile>
    <ClCompile Include="Collectible.cpp">
      <Filter>Game Files\Level</Filter>
    </ClCompile>
    <ClCompile Include="CameraZoneManager.cpp">
      <Filter>Game Files\Charachters\Player</Filter>
    </ClCompile>
    <ClCompile Include="CameraZone.cpp">
      <Filter>Game Files\Charachters\Player</Filter>
    </ClCompile>
    <ClCompile Include="Camera.cpp">
      <Filter>Game Files\Charachters\Player</Filter>
    </ClCompile>
    <ClCompile Include="Gun.cpp">
      <Filter>Game Files\Charachters\Player\Weapon</Filter>
    </ClCompile>
    <ClCompile Include="Projectile.cpp">
      <Filter>Game Files\Charachters\Player\Weapon</Filter>
    </ClCompile>
    <ClCompile Include="ProjectileManager.cpp">
      <Filter>Game Files\Charachters\Player\Weapon</Filter>
    </ClCompile>
    <ClCompile Include="Health.cpp">
      <Filter>Game Files\Charachters\Common</Filter>
    </ClCompile>
    <ClCompile Include="Sprite.cpp">
      <Filter>Game Files\Charachters\Common</Filter>
    </ClCompile>
    <ClCompile Include="PhysicsBody.cpp">
      <Filter>Game Files\Charachters\Common</Filter>
    </ClCompile>
    <ClCompile Include="Game.cpp">
      <Filter>Game Files\Game</Filter>
    </ClCompile>
    <ClCompile Include="main.cpp">
      <Filter>Game Files\Game</Filter>
    </ClCompile>
    <ClCompile Include="CrabEnemy.cpp">
      <Filter>Game Files\Charachters\Enemies</Filter>
    </ClCompile>
    <ClCompile Include="CrabEnemyManager.cpp">
      <Filter>Game Files\Charachters\Enemies</Filter>
    </ClCompile>
    <ClCompile Include="HUD.cpp">
      <Filter>Game Files\Game</Filter>
    </ClCompile>
    <ClCompile Include="Avatar.cpp">
      <Filter>Game Files\Charachters\Player</Filter>
    </ClCompile>
    <ClCompile Include="DamageBlock.cpp">
      <Filter>Game Files\Level\Hazards\DamageBlock</Filter>
    </ClCompile>
    <ClCompile Include="DamageBlockManager.cpp">
      <Filter>Game Files\Level\Hazards\DamageBlock</Filter>
    </ClCompile>
    <ClCompile Include="Lava.cpp">
      <Filter>Game Files\Level\Hazards\Lava</Filter>
    </ClCompile>
    <ClCompile Include="RisingHand.cpp">
      <Filter>Game Files\Level\Hazards\RisingHand</Filter>
    </ClCompile>
    <ClCompile Include="RisingHandManager.cpp">
      <Filter>Game Files\Level\Hazards\RisingHand</Filter>
    </ClCompile>
    <ClCompile Include="FallingSpike.cpp">
      <Filter>Game Files\Level\Hazards\FallingSpike</Filter>
    </ClCompile>
    <ClCompile Include="FallingSpikeManager.cpp">
      <Filter>Game Files\Level\Hazards\FallingSpike</Filter>
    </ClCompile>
  </ItemGroup>
  <ItemGroup>
    <ClInclude Include="Core.h">
      <Filter>Framework Files</Filter>
    </ClInclude>
    <ClInclude Include="Matrix2x3.h">
      <Filter>Framework Files</Filter>
    </ClInclude>
    <ClInclude Include="pch.h">
      <Filter>Framework Files</Filter>
    </ClInclude>
    <ClInclude Include="SoundEffect.h">
      <Filter>Framework Files</Filter>
    </ClInclude>
    <ClInclude Include="SoundStream.h">
      <Filter>Framework Files</Filter>
    </ClInclude>
    <ClInclude Include="structs.h">
      <Filter>Framework Files</Filter>
    </ClInclude>
    <ClInclude Include="SVGParser.h">
      <Filter>Framework Files</Filter>
    </ClInclude>
    <ClInclude Include="Texture.h">
      <Filter>Framework Files</Filter>
    </ClInclude>
    <ClInclude Include="utils.h">
      <Filter>Framework Files</Filter>
    </ClInclude>
    <ClInclude Include="Vector2f.h">
      <Filter>Framework Files</Filter>
    </ClInclude>
    <ClInclude Include="Time.h">
      <Filter>Framework Files</Filter>
    </ClInclude>
    <ClInclude Include="Level.h">
      <Filter>Game Files\Level</Filter>
    </ClInclude>
    <ClInclude Include="CollectibleManager.h">
      <Filter>Game Files\Level</Filter>
    </ClInclude>
    <ClInclude Include="Collectible.h">
      <Filter>Game Files\Level</Filter>
    </ClInclude>
    <ClInclude Include="CameraZoneManager.h">
      <Filter>Game Files\Charachters\Player</Filter>
    </ClInclude>
    <ClInclude Include="CameraZone.h">
      <Filter>Game Files\Charachters\Player</Filter>
    </ClInclude>
    <ClInclude Include="Camera.h">
      <Filter>Game Files\Charachters\Player</Filter>
    </ClInclude>
    <ClInclude Include="Gun.h">
      <Filter>Game Files\Charachters\Player\Weapon</Filter>
    </ClInclude>
    <ClInclude Include="Projectile.h">
      <Filter>Game Files\Charachters\Player\Weapon</Filter>
    </ClInclude>
    <ClInclude Include="ProjectileManager.h">
      <Filter>Game Files\Charachters\Player\Weapon</Filter>
    </ClInclude>
    <ClInclude Include="Health.h">
      <Filter>Game Files\Charachters\Common</Filter>
    </ClInclude>
    <ClInclude Include="Sprite.h">
      <Filter>Game Files\Charachters\Common</Filter>
    </ClInclude>
    <ClInclude Include="PhysicsBody.h">
      <Filter>Game Files\Charachters\Common</Filter>
    </ClInclude>
    <ClInclude Include="Game.h">
      <Filter>Game Files\Game</Filter>
    </ClInclude>
    <ClInclude Include="CrabEnemy.h">
      <Filter>Game Files\Charachters\Enemies</Filter>
    </ClInclude>
    <ClInclude Include="CrabEnemyManager.h">
      <Filter>Game Files\Charachters\Enemies</Filter>
    </ClInclude>
    <ClInclude Include="HUD.h">
      <Filter>Game Files\Game</Filter>
    </ClInclude>
    <ClInclude Include="Avatar.h">
      <Filter>Game Files\Charachters\Player</Filter>
    </ClInclude>
    <ClInclude Include="DamageBlock.h">
      <Filter>Game Files\Level\Hazards\DamageBlock</Filter>
    </ClInclude>
    <ClInclude Include="DamageBlockManager.h">
      <Filter>Game Files\Level\Hazards\DamageBlock</Filter>
    </ClInclude>
    <ClInclude Include="Lava.h">
      <Filter>Game Files\Level\Hazards\Lava</Filter>
    </ClInclude>
    <ClInclude Include="RisingHand.h">
      <Filter>Game Files\Level\Hazards\RisingHand</Filter>
    </ClInclude>
    <ClInclude Include="RisingHandManager.h">
      <Filter>Game Files\Level\Hazards\RisingHand</Filter>
    </ClInclude>
    <ClInclude Include="FallingSpike.h">
      <Filter>Game Files\Level\Hazards\FallingSpike</Filter>
    </ClInclude>
    <ClInclude Include="FallingSpikeManager.h">
      <Filter>Game Files\Level\Hazards\FallingSpike</Filter>
    </ClInclude>
  </ItemGroup>
</Project>