
Microsoft Visual Studio Solution File, Format Version 12.00
# Visual Studio Version 17
VisualStudioVersion = 17.0.32126.317
MinimumVisualStudioVersion = 10.0.40219.1
Project("{8BC9CEB8-8B4A-11D0-8D11-00A0C91BC942}") = "DemoRaycast", "DemoRaycast\DemoRaycast.vcxproj", "{7F64FB7B-D429-4A7F-B557-CD2B6876903C}"
EndProject
Project("{8BC9CEB8-8B4A-11D0-8D11-00A0C91BC942}") = "InheritanceShapes", "InheritanceShapes\InheritanceShapes.vcxproj", "{4A0EE24D-87BA-4297-A33C-1F256C0BD1BD}"
EndProject
Global
	GlobalSection(SolutionConfigurationPlatforms) = preSolution
		Debug|x64 = Debug|x64
		Debug|x86 = Debug|x86
		Release|x64 = Release|x64
		Release|x86 = Release|x86
	EndGlobalSection
	GlobalSection(ProjectConfigurationPlatforms) = postSolution
		{7F64FB7B-D429-4A7F-B557-CD2B6876903C}.Debug|x64.ActiveCfg = Debug|x64
		{7F64FB7B-D429-4A7F-B557-CD2B6876903C}.Debug|x64.Build.0 = Debug|x64
		{7F64FB7B-D429-4A7F-B557-CD2B6876903C}.Debug|x86.ActiveCfg = Debug|Win32
		{7F64FB7B-D429-4A7F-B557-CD2B6876903C}.Debug|x86.Build.0 = Debug|Win32
		{7F64FB7B-D429-4A7F-B557-CD2B6876903C}.Release|x64.ActiveCfg = Release|x64
		{7F64FB7B-D429-4A7F-B557-CD2B6876903C}.Release|x64.Build.0 = Release|x64
		{7F64FB7B-D429-4A7F-B557-CD2B6876903C}.Release|x86.ActiveCfg = Release|Win32
		{7F64FB7B-D429-4A7F-B557-CD2B6876903C}.Release|x86.Build.0 = Release|Win32
		{4A0EE24D-87BA-4297-A33C-1F256C0BD1BD}.Debug|x64.ActiveCfg = Debug|x64
		{4A0EE24D-87BA-4297-A33C-1F256C0BD1BD}.Debug|x64.Build.0 = Debug|x64
		{4A0EE24D-87BA-4297-A33C-1F256C0BD1BD}.Debug|x86.ActiveCfg = Debug|Win32
		{4A0EE24D-87BA-4297-A33C-1F256C0BD1BD}.Debug|x86.Build.0 = Debug|Win32
		{4A0EE24D-87BA-4297-A33C-1F256C0BD1BD}.Release|x64.ActiveCfg = Release|x64
		{4A0EE24D-87BA-4297-A33C-1F256C0BD1BD}.Release|x64.Build.0 = Release|x64
		{4A0EE24D-87BA-4297-A33C-1F256C0BD1BD}.Release|x86.ActiveCfg = Release|Win32
		{4A0EE24D-87BA-4297-A33C-1F256C0BD1BD}.Release|x86.Build.0 = Release|Win32
	EndGlobalSection
	GlobalSection(SolutionProperties) = preSolution
		HideSolutionNode = FALSE
	EndGlobalSection
	GlobalSection(ExtensibilityGlobals) = postSolution
		SolutionGuid = {0198D0DD-3A1D-452B-85BD-C2E4EED3F7CE}
	EndGlobalSection
EndGlobal
