
Microsoft Visual Studio Solution File, Format Version 12.00
# Visual Studio Version 17
VisualStudioVersion = 17.1.32210.238
MinimumVisualStudioVersion = 10.0.40219.1
Project("{8BC9CEB8-8B4A-11D0-8D11-00A0C91BC942}") = "Belmans_Jef_CaveCrawler", "Belmans_Jef_CaveCrawler.vcxproj", "{126B09EF-E346-4064-AD03-9CA57CE458E4}"
EndProject
Global
	GlobalSection(SolutionConfigurationPlatforms) = preSolution
		Debug|x64 = Debug|x64
		Debug|x86 = Debug|x86
		Release|x64 = Release|x64
		Release|x86 = Release|x86
	EndGlobalSection
	GlobalSection(ProjectConfigurationPlatforms) = postSolution
		{126B09EF-E346-4064-AD03-9CA57CE458E4}.Debug|x64.ActiveCfg = Debug|x64
		{126B09EF-E346-4064-AD03-9CA57CE458E4}.Debug|x64.Build.0 = Debug|x64
		{126B09EF-E346-4064-AD03-9CA57CE458E4}.Debug|x86.ActiveCfg = Debug|Win32
		{126B09EF-E346-4064-AD03-9CA57CE458E4}.Debug|x86.Build.0 = Debug|Win32
		{126B09EF-E346-4064-AD03-9CA57CE458E4}.Release|x64.ActiveCfg = Release|x64
		{126B09EF-E346-4064-AD03-9CA57CE458E4}.Release|x64.Build.0 = Release|x64
		{126B09EF-E346-4064-AD03-9CA57CE458E4}.Release|x86.ActiveCfg = Release|Win32
		{126B09EF-E346-4064-AD03-9CA57CE458E4}.Release|x86.Build.0 = Release|Win32
	EndGlobalSection
	GlobalSection(SolutionProperties) = preSolution
		HideSolutionNode = FALSE
	EndGlobalSection
	GlobalSection(ExtensibilityGlobals) = postSolution
		SolutionGuid = {50CEC802-4A5B-4302-B145-31CD1841DE8A}
	EndGlobalSection
EndGlobal
